<?xml version="1.0" encoding="utf-8"?>
<Project ToolsVersion="4.0" xmlns="http://schemas.microsoft.com/developer/msbuild/2003">
  <ItemGroup>
    <Filter Include="Source Files">
      <UniqueIdentifier>{4FC737F1-C7A5-4376-A066-2A32D752A2FF}</UniqueIdentifier>
      <Extensions>cpp;c;cc;cxx;def;odl;idl;hpj;bat;asm;asmx</Extensions>
    </Filter>
    <Filter Include="Header Files">
      <UniqueIdentifier>{93995380-89BD-4b04-88EB-625FBE52EBFB}</UniqueIdentifier>
      <Extensions>h;hh;hpp;hxx;hm;inl;inc;ipp;xsd</Extensions>
    </Filter>
    <Filter Include="Resource Files">
      <UniqueIdentifier>{67DA6AB6-F800-4c08-8B7A-83BB121AAD01}</UniqueIdentifier>
      <Extensions>rc;ico;cur;bmp;dlg;rc2;rct;bin;rgs;gif;jpg;jpeg;jpe;resx;tiff;tif;png;wav;mfcribbon-ms</Extensions>
    </Filter>
  </ItemGroup>
  <ItemGroup>
    <ClInclude Include="pch.h">
      <Filter>Header Files</Filter>
    </ClInclude>
    <ClInclude Include="Vector2.h">
      <Filter>Header Files</Filter>
    </ClInclude>
    <ClInclude Include="PhysicsObject.h">
      <Filter>Header Files</Filter>
    </ClInclude>
    <ClInclude Include="ReiventTheWheel.h">
      <Filter>Header Files</Filter>
    </ClInclude>
    <ClInclude Include="RigidBody.h">
      <Filter>Header Files</Filter>
    </ClInclude>
    <ClInclude Include="Settings.h">
      <Filter>Header Files</Filter>
    </ClInclude>
    <ClInclude Include="SYDEButton.h">
      <Filter>Header Files</Filter>
    </ClInclude>
    <ClInclude Include="SYDECredits.h">
      <Filter>Header Files</Filter>
    </ClInclude>
    <ClInclude Include="SYDEGamePlay.h">
      <Filter>Header Files</Filter>
    </ClInclude>
    <ClInclude Include="SYDEKey.h">
      <Filter>Header Files</Filter>
    </ClInclude>
    <ClInclude Include="SYDEKeyCode.h">
      <Filter>Header Files</Filter>
    </ClInclude>
    <ClInclude Include="SYDELabel.h">
      <Filter>Header Files</Filter>
    </ClInclude>
    <ClInclude Include="SYDEMenu.h">
      <Filter>Header Files</Filter>
    </ClInclude>
    <ClInclude Include="SYDEstdafx.h">
      <Filter>Header Files</Filter>
    </ClInclude>
    <ClInclude Include="SYDETextBox.h">
      <Filter>Header Files</Filter>
    </ClInclude>
    <ClInclude Include="SYDETime.h">
      <Filter>Header Files</Filter>
    </ClInclude>
    <ClInclude Include="SYDEUI.h">
      <Filter>Header Files</Filter>
    </ClInclude>
    <ClInclude Include="SYDEWindowGame.h">
      <Filter>Header Files</Filter>
    </ClInclude>
    <ClInclude Include="TextItem.h">
      <Filter>Header Files</Filter>
    </ClInclude>
    <ClInclude Include="Activation.h">
      <Filter>Header Files</Filter>
    </ClInclude>
    <ClInclude Include="AI.h">
      <Filter>Header Files</Filter>
    </ClInclude>
    <ClInclude Include="Artwork.h">
      <Filter>Header Files</Filter>
    </ClInclude>
    <ClInclude Include="AssetsClass.h">
      <Filter>Header Files</Filter>
    </ClInclude>
    <ClInclude Include="Background.h">
      <Filter>Header Files</Filter>
    </ClInclude>
    <ClInclude Include="BackgroundObj.h">
      <Filter>Header Files</Filter>
    </ClInclude>
    <ClInclude Include="Board.h">
      <Filter>Header Files</Filter>
    </ClInclude>
    <ClInclude Include="BoardPiece.h">
      <Filter>Header Files</Filter>
    </ClInclude>
    <ClInclude Include="Characters.h">
      <Filter>Header Files</Filter>
    </ClInclude>
    <ClInclude Include="Concerto.h">
      <Filter>Header Files</Filter>
    </ClInclude>
    <ClInclude Include="ConsoleWindow.h">
      <Filter>Header Files</Filter>
    </ClInclude>
    <ClInclude Include="CustomAnimationAsset.h">
      <Filter>Header Files</Filter>
    </ClInclude>
    <ClInclude Include="CustomAsset.h">
      <Filter>Header Files</Filter>
    </ClInclude>
    <ClInclude Include="Defaults.h">
      <Filter>Header Files</Filter>
    </ClInclude>
    <ClInclude Include="Line.h">
      <Filter>Header Files</Filter>
    </ClInclude>
    <ClInclude Include="json.hpp">
      <Filter>Header Files</Filter>
    </ClInclude>
  </ItemGroup>
  <ItemGroup>
    <ClCompile Include="pch.cpp">
      <Filter>Source Files</Filter>
    </ClCompile>
    <ClCompile Include="DPLauncher.cpp">
      <Filter>Source Files</Filter>
    </ClCompile>
  </ItemGroup>
  <ItemGroup>
    <Library Include="SYDEEngine.lib" />
  </ItemGroup>
</Project>